{
  "name": "imports-emit",
  "version": "1.0.0",
  "lockfileVersion": 3,
  "requires": true,
  "packages": {
    "": {
      "name": "imports-emit",
      "version": "1.0.0",
      "license": "MIT",
      "devDependencies": {
        "typescript": "^5.7.0-dev.20241016"
      }
    },
    "node_modules/typescript": {
      "version": "5.7.0-dev.20241016",
      "resolved": "https://registry.npmjs.org/typescript/-/typescript-5.7.0-dev.20241016.tgz",
      "integrity": "sha512-rbZrQidxikK2ilvAFVxwy0DP6137GOlFhUvdW+zoJSDfi/jvUBWlcpSuwHH4ZPrlOTno+ZsJkUMiik2gKXz1zg==",
      "dev": true,
      "license": "Apache-2.0",
      "bin": {
        "tsc": "bin/tsc",
        "tsserver": "bin/tsserver"
      },
      "engines": {
        "node": ">=14.17"
      }
    }
  }
}
